
Microsoft Visual Studio Solution File, Format Version 12.00
# Visual Studio 2013
VisualStudioVersion = 12.0.30723.0
MinimumVisualStudioVersion = 10.0.40219.1
Project("{FAE04EC0-301F-11D3-BF4B-00C04F79EFBC}") = "AngularCRUD_aspMvc5asBackend", "AngularCRUD_aspMvc5asBackend\AngularCRUD_aspMvc5asBackend.csproj", "{6ADE3BFB-EC8D-4F0A-877C-8C097320FEBB}"
EndProject
Global
	GlobalSection(SolutionConfigurationPlatforms) = preSolution
		Debug|Any CPU = Debug|Any CPU
		Release|Any CPU = Release|Any CPU
	EndGlobalSection
	GlobalSection(ProjectConfigurationPlatforms) = postSolution
		{6ADE3BFB-EC8D-4F0A-877C-8C097320FEBB}.Debug|Any CPU.ActiveCfg = Debug|Any CPU
		{6ADE3BFB-EC8D-4F0A-877C-8C097320FEBB}.Debug|Any CPU.Build.0 = Debug|Any CPU
		{6ADE3BFB-EC8D-4F0A-877C-8C097320FEBB}.Release|Any CPU.ActiveCfg = Release|Any CPU
		{6ADE3BFB-EC8D-4F0A-877C-8C097320FEBB}.Release|Any CPU.Build.0 = Release|Any CPU
	EndGlobalSection
	GlobalSection(SolutionProperties) = preSolution
		HideSolutionNode = FALSE
	EndGlobalSection
EndGlobal
